// !$*UTF8*$!
{
	archiveVersion = 1;
	classes = {
	};
	objectVersion = 48;
	objects = {

/* Begin PBXBuildFile section */
		934EB0BB21CE08B100FB26B2 /* AppDelegate.swift in Sources */ = {isa = PBXBuildFile; fileRef = 934EB0BA21CE08B100FB26B2 /* AppDelegate.swift */; };
		934EB0BD21CE08B100FB26B2 /* ViewController.swift in Sources */ = {isa = PBXBuildFile; fileRef = 934EB0BC21CE08B100FB26B2 /* ViewController.swift */; };
		934EB0C021CE08B100FB26B2 /* Main.storyboard in Resources */ = {isa = PBXBuildFile; fileRef = 934EB0BE21CE08B100FB26B2 /* Main.storyboard */; };
		934EB0C221CE08B100FB26B2 /* Assets.xcassets in Resources */ = {isa = PBXBuildFile; fileRef = 934EB0C121CE08B100FB26B2 /* Assets.xcassets */; };
		934EB0C521CE08B100FB26B2 /* LaunchScreen.storyboard in Resources */ = {isa = PBXBuildFile; fileRef = 934EB0C321CE08B100FB26B2 /* LaunchScreen.storyboard */; };
		934EB0D021CE08B100FB26B2 /* HLWTests.swift in Sources */ = {isa = PBXBuildFile; fileRef = 934EB0CF21CE08B100FB26B2 /* HLWTests.swift */; };
		934EB0DB21CE08B100FB26B2 /* HLWUITests.swift in Sources */ = {isa = PBXBuildFile; fileRef = 934EB0DA21CE08B100FB26B2 /* HLWUITests.swift */; };
/* End PBXBuildFile section */

/* Begin PBXContainerItemProxy section */
		934EB0CC21CE08B100FB26B2 /* PBXContainerItemProxy */ = {
			isa = PBXContainerItemProxy;
			containerPortal = 934EB0AF21CE08B100FB26B2 /* Project object */;
			proxyType = 1;
			remoteGlobalIDString = 934EB0B621CE08B100FB26B2;
			remoteInfo = HLW;
		};
		934EB0D721CE08B100FB26B2 /* PBXContainerItemProxy */ = {
			isa = PBXContainerItemProxy;
			containerPortal = 934EB0AF21CE08B100FB26B2 /* Project object */;
			proxyType = 1;
			remoteGlobalIDString = 934EB0B621CE08B100FB26B2;
			remoteInfo = HLW;
		};
/* End PBXContainerItemProxy section */

/* Begin PBXFileReference section */
		934EB0B721CE08B100FB26B2 /* HLW.app */ = {isa = PBXFileReference; explicitFileType = wrapper.application; includeInIndex = 0; path = HLW.app; sourceTree = BUILT_PRODUCTS_DIR; };
		934EB0BA21CE08B100FB26B2 /* AppDelegate.swift */ = {isa = PBXFileReference; lastKnownFileType = sourcecode.swift; path = AppDelegate.swift; sourceTree = "<group>"; };
		934EB0BC21CE08B100FB26B2 /* ViewController.swift */ = {isa = PBXFileReference; lastKnownFileType = sourcecode.swift; path = ViewController.swift; sourceTree = "<group>"; };
		934EB0BF21CE08B100FB26B2 /* Base */ = {isa = PBXFileReference; lastKnownFileType = file.storyboard; name = Base; path = Base.lproj/Main.storyboard; sourceTree = "<group>"; };
		934EB0C121CE08B100FB26B2 /* Assets.xcassets */ = {isa = PBXFileReference; lastKnownFileType = folder.assetcatalog; path = Assets.xcassets; sourceTree = "<group>"; };
		934EB0C421CE08B100FB26B2 /* Base */ = {isa = PBXFileReference; lastKnownFileType = file.storyboard; name = Base; path = Base.lproj/LaunchScreen.storyboard; sourceTree = "<group>"; };
		934EB0C621CE08B100FB26B2 /* Info.plist */ = {isa = PBXFileReference; lastKnownFileType = text.plist.xml; path = Info.plist; sourceTree = "<group>"; };
		934EB0CB21CE08B100FB26B2 /* HLWTests.xctest */ = {isa = PBXFileReference; explicitFileType = wrapper.cfbundle; includeInIndex = 0; path = HLWTests.xctest; sourceTree = BUILT_PRODUCTS_DIR; };
		934EB0CF21CE08B100FB26B2 /* HLWTests.swift */ = {isa = PBXFileReference; lastKnownFileType = sourcecode.swift; path = HLWTests.swift; sourceTree = "<group>"; };
		934EB0D121CE08B100FB26B2 /* Info.plist */ = {isa = PBXFileReference; lastKnownFileType = text.plist.xml; path = Info.plist; sourceTree = "<group>"; };
		934EB0D621CE08B100FB26B2 /* HLWUITests.xctest */ = {isa = PBXFileReference; explicitFileType = wrapper.cfbundle; includeInIndex = 0; path = HLWUITests.xctest; sourceTree = BUILT_PRODUCTS_DIR; };
		934EB0DA21CE08B100FB26B2 /* HLWUITests.swift */ = {isa = PBXFileReference; lastKnownFileType = sourcecode.swift; path = HLWUITests.swift; sourceTree = "<group>"; };
		934EB0DC21CE08B100FB26B2 /* Info.plist */ = {isa = PBXFileReference; lastKnownFileType = text.plist.xml; path = Info.plist; sourceTree = "<group>"; };
/* End PBXFileReference section */

/* Begin PBXFrameworksBuildPhase section */
		934EB0B421CE08B100FB26B2 /* Frameworks */ = {
			isa = PBXFrameworksBuildPhase;
			buildActionMask = 2147483647;
			files = (
			);
			runOnlyForDeploymentPostprocessing = 0;
		};
		934EB0C821CE08B100FB26B2 /* Frameworks */ = {
			isa = PBXFrameworksBuildPhase;
			buildActionMask = 2147483647;
			files = (
			);
			runOnlyForDeploymentPostprocessing = 0;
		};
		934EB0D321CE08B100FB26B2 /* Frameworks */ = {
			isa = PBXFrameworksBuildPhase;
			buildActionMask = 2147483647;
			files = (
			);
			runOnlyForDeploymentPostprocessing = 0;
		};
/* End PBXFrameworksBuildPhase section */

/* Begin PBXGroup section */
		934EB0AE21CE08B100FB26B2 = {
			isa = PBXGroup;
			children = (
				934EB0B921CE08B100FB26B2 /* HLW */,
				934EB0CE21CE08B100FB26B2 /* HLWTests */,
				934EB0D921CE08B100FB26B2 /* HLWUITests */,
				934EB0B821CE08B100FB26B2 /* Products */,
			);
			sourceTree = "<group>";
		};
		934EB0B821CE08B100FB26B2 /* Products */ = {
			isa = PBXGroup;
			children = (
				934EB0B721CE08B100FB26B2 /* HLW.app */,
				934EB0CB21CE08B100FB26B2 /* HLWTests.xctest */,
				934EB0D621CE08B100FB26B2 /* HLWUITests.xctest */,
			);
			name = Products;
			sourceTree = "<group>";
		};
		934EB0B921CE08B100FB26B2 /* HLW */ = {
			isa = PBXGroup;
			children = (
				934EB0BA21CE08B100FB26B2 /* AppDelegate.swift */,
				934EB0BC21CE08B100FB26B2 /* ViewController.swift */,
				934EB0BE21CE08B100FB26B2 /* Main.storyboard */,
				934EB0C121CE08B100FB26B2 /* Assets.xcassets */,
				934EB0C321CE08B100FB26B2 /* LaunchScreen.storyboard */,
				934EB0C621CE08B100FB26B2 /* Info.plist */,
			);
			path = HLW;
			sourceTree = "<group>";
		};
		934EB0CE21CE08B100FB26B2 /* HLWTests */ = {
			isa = PBXGroup;
			children = (
				934EB0CF21CE08B100FB26B2 /* HLWTests.swift */,
				934EB0D121CE08B100FB26B2 /* Info.plist */,
			);
			path = HLWTests;
			sourceTree = "<group>";
		};
		934EB0D921CE08B100FB26B2 /* HLWUITests */ = {
			isa = PBXGroup;
			children = (
				934EB0DA21CE08B100FB26B2 /* HLWUITests.swift */,
				934EB0DC21CE08B100FB26B2 /* Info.plist */,
			);
			path = HLWUITests;
			sourceTree = "<group>";
		};
/* End PBXGroup section */

/* Begin PBXNativeTarget section */
		934EB0B621CE08B100FB26B2 /* HLW */ = {
			isa = PBXNativeTarget;
			buildConfigurationList = 934EB0DF21CE08B100FB26B2 /* Build configuration list for PBXNativeTarget "HLW" */;
			buildPhases = (
				934EB0B321CE08B100FB26B2 /* Sources */,
				934EB0B421CE08B100FB26B2 /* Frameworks */,
				934EB0B521CE08B100FB26B2 /* Resources */,
			);
			buildRules = (
			);
			dependencies = (
			);
			name = HLW;
			productName = HLW;
			productReference = 934EB0B721CE08B100FB26B2 /* HLW.app */;
			productType = "com.apple.product-type.application";
		};
		934EB0CA21CE08B100FB26B2 /* HLWTests */ = {
			isa = PBXNativeTarget;
			buildConfigurationList = 934EB0E221CE08B100FB26B2 /* Build configuration list for PBXNativeTarget "HLWTests" */;
			buildPhases = (
				934EB0C721CE08B100FB26B2 /* Sources */,
				934EB0C821CE08B100FB26B2 /* Frameworks */,
				934EB0C921CE08B100FB26B2 /* Resources */,
			);
			buildRules = (
			);
			dependencies = (
				934EB0CD21CE08B100FB26B2 /* PBXTargetDependency */,
			);
			name = HLWTests;
			productName = HLWTests;
			productReference = 934EB0CB21CE08B100FB26B2 /* HLWTests.xctest */;
			productType = "com.apple.product-type.bundle.unit-test";
		};
		934EB0D521CE08B100FB26B2 /* HLWUITests */ = {
			isa = PBXNativeTarget;
			buildConfigurationList = 934EB0E521CE08B100FB26B2 /* Build configuration list for PBXNativeTarget "HLWUITests" */;
			buildPhases = (
				934EB0D221CE08B100FB26B2 /* Sources */,
				934EB0D321CE08B100FB26B2 /* Frameworks */,
				934EB0D421CE08B100FB26B2 /* Resources */,
			);
			buildRules = (
			);
			dependencies = (
				934EB0D821CE08B100FB26B2 /* PBXTargetDependency */,
			);
			name = HLWUITests;
			productName = HLWUITests;
			productReference = 934EB0D621CE08B100FB26B2 /* HLWUITests.xctest */;
			productType = "com.apple.product-type.bundle.ui-testing";
		};
/* End PBXNativeTarget section */

/* Begin PBXProject section */
		934EB0AF21CE08B100FB26B2 /* Project object */ = {
			isa = PBXProject;
			attributes = {
				LastSwiftUpdateCheck = 0920;
				LastUpgradeCheck = 0920;
				ORGANIZATIONNAME = "OdiTek Solutions";
				TargetAttributes = {
					934EB0B621CE08B100FB26B2 = {
						CreatedOnToolsVersion = 9.2;
						ProvisioningStyle = Automatic;
					};
					934EB0CA21CE08B100FB26B2 = {
						CreatedOnToolsVersion = 9.2;
						ProvisioningStyle = Automatic;
						TestTargetID = 934EB0B621CE08B100FB26B2;
					};
					934EB0D521CE08B100FB26B2 = {
						CreatedOnToolsVersion = 9.2;
						ProvisioningStyle = Automatic;
						TestTargetID = 934EB0B621CE08B100FB26B2;
					};
				};
			};
			buildConfigurationList = 934EB0B221CE08B100FB26B2 /* Build configuration list for PBXProject "HLW" */;
			compatibilityVersion = "Xcode 8.0";
			developmentRegion = en;
			hasScannedForEncodings = 0;
			knownRegions = (
				en,
				Base,
			);
			mainGroup = 934EB0AE21CE08B100FB26B2;
			productRefGroup = 934EB0B821CE08B100FB26B2 /* Products */;
			projectDirPath = "";
			projectRoot = "";
			targets = (
				934EB0B621CE08B100FB26B2 /* HLW */,
				934EB0CA21CE08B100FB26B2 /* HLWTests */,
				934EB0D521CE08B100FB26B2 /* HLWUITests */,
			);
		};
/* End PBXProject section */

/* Begin PBXResourcesBuildPhase section */
		934EB0B521CE08B100FB26B2 /* Resources */ = {
			isa = PBXResourcesBuildPhase;
			buildActionMask = 2147483647;
			files = (
				934EB0C521CE08B100FB26B2 /* LaunchScreen.storyboard in Resources */,
				934EB0C221CE08B100FB26B2 /* Assets.xcassets in Resources */,
				934EB0C021CE08B100FB26B2 /* Main.storyboard in Resources */,
			);
			runOnlyForDeploymentPostprocessing = 0;
		};
		934EB0C921CE08B100FB26B2 /* Resources */ = {
			isa = PBXResourcesBuildPhase;
			buildActionMask = 2147483647;
			files = (
			);
			runOnlyForDeploymentPostprocessing = 0;
		};
		934EB0D421CE08B100FB26B2 /* Resources */ = {
			isa = PBXResourcesBuildPhase;
			buildActionMask = 2147483647;
			files = (
			);
			runOnlyForDeploymentPostprocessing = 0;
		};
/* End PBXResourcesBuildPhase section */

/* Begin PBXSourcesBuildPhase section */
		934EB0B321CE08B100FB26B2 /* Sources */ = {
			isa = PBXSourcesBuildPhase;
			buildActionMask = 2147483647;
			files = (
				934EB0BD21CE08B100FB26B2 /* ViewController.swift in Sources */,
				934EB0BB21CE08B100FB26B2 /* AppDelegate.swift in Sources */,
			);
			runOnlyForDeploymentPostprocessing = 0;
		};
		934EB0C721CE08B100FB26B2 /* Sources */ = {
			isa = PBXSourcesBuildPhase;
			buildActionMask = 2147483647;
			files = (
				934EB0D021CE08B100FB26B2 /* HLWTests.swift in Sources */,
			);
			runOnlyForDeploymentPostprocessing = 0;
		};
		934EB0D221CE08B100FB26B2 /* Sources */ = {
			isa = PBXSourcesBuildPhase;
			buildActionMask = 2147483647;
			files = (
				934EB0DB21CE08B100FB26B2 /* HLWUITests.swift in Sources */,
			);
			runOnlyForDeploymentPostprocessing = 0;
		};
/* End PBXSourcesBuildPhase section */

/* Begin PBXTargetDependency section */
		934EB0CD21CE08B100FB26B2 /* PBXTargetDependency */ = {
			isa = PBXTargetDependency;
			target = 934EB0B621CE08B100FB26B2 /* HLW */;
			targetProxy = 934EB0CC21CE08B100FB26B2 /* PBXContainerItemProxy */;
		};
		934EB0D821CE08B100FB26B2 /* PBXTargetDependency */ = {
			isa = PBXTargetDependency;
			target = 934EB0B621CE08B100FB26B2 /* HLW */;
			targetProxy = 934EB0D721CE08B100FB26B2 /* PBXContainerItemProxy */;
		};
/* End PBXTargetDependency section */

/* Begin PBXVariantGroup section */
		934EB0BE21CE08B100FB26B2 /* Main.storyboard */ = {
			isa = PBXVariantGroup;
			children = (
				934EB0BF21CE08B100FB26B2 /* Base */,
			);
			name = Main.storyboard;
			sourceTree = "<group>";
		};
		934EB0C321CE08B100FB26B2 /* LaunchScreen.storyboard */ = {
			isa = PBXVariantGroup;
			children = (
				934EB0C421CE08B100FB26B2 /* Base */,
			);
			name = LaunchScreen.storyboard;
			sourceTree = "<group>";
		};
/* End PBXVariantGroup section */

/* Begin XCBuildConfiguration section */
		934EB0DD21CE08B100FB26B2 /* Debug */ = {
			isa = XCBuildConfiguration;
			buildSettings = {
				ALWAYS_SEARCH_USER_PATHS = NO;
				CLANG_ANALYZER_NONNULL = YES;
				CLANG_ANALYZER_NUMBER_OBJECT_CONVERSION = YES_AGGRESSIVE;
				CLANG_CXX_LANGUAGE_STANDARD = "gnu++14";
				CLANG_CXX_LIBRARY = "libc++";
				CLANG_ENABLE_MODULES = YES;
				CLANG_ENABLE_OBJC_ARC = YES;
				CLANG_WARN_BLOCK_CAPTURE_AUTORELEASING = YES;
				CLANG_WARN_BOOL_CONVERSION = YES;
				CLANG_WARN_COMMA = YES;
				CLANG_WARN_CONSTANT_CONVERSION = YES;
				CLANG_WARN_DIRECT_OBJC_ISA_USAGE = YES_ERROR;
				CLANG_WARN_DOCUMENTATION_COMMENTS = YES;
				CLANG_WARN_EMPTY_BODY = YES;
				CLANG_WARN_ENUM_CONVERSION = YES;
				CLANG_WARN_INFINITE_RECURSION = YES;
				CLANG_WARN_INT_CONVERSION = YES;
				CLANG_WARN_NON_LITERAL_NULL_CONVERSION = YES;
				CLANG_WARN_OBJC_LITERAL_CONVERSION = YES;
				CLANG_WARN_OBJC_ROOT_CLASS = YES_ERROR;
				CLANG_WARN_RANGE_LOOP_ANALYSIS = YES;
				CLANG_WARN_STRICT_PROTOTYPES = YES;
				CLANG_WARN_SUSPICIOUS_MOVE = YES;
				CLANG_WARN_UNGUARDED_AVAILABILITY = YES_AGGRESSIVE;
				CLANG_WARN_UNREACHABLE_CODE = YES;
				CLANG_WARN__DUPLICATE_METHOD_MATCH = YES;
				CODE_SIGN_IDENTITY = "iPhone Developer";
				COPY_PHASE_STRIP = NO;
				DEBUG_INFORMATION_FORMAT = dwarf;
				ENABLE_STRICT_OBJC_MSGSEND = YES;
				ENABLE_TESTABILITY = YES;
				GCC_C_LANGUAGE_STANDARD = gnu11;
				GCC_DYNAMIC_NO_PIC = NO;
				GCC_NO_COMMON_BLOCKS = YES;
				GCC_OPTIMIZATION_LEVEL = 0;
				GCC_PREPROCESSOR_DEFINITIONS = (
					"DEBUG=1",
					"$(inherited)",
				);
				GCC_WARN_64_TO_32_BIT_CONVERSION = YES;
				GCC_WARN_ABOUT_RETURN_TYPE = YES_ERROR;
				GCC_WARN_UNDECLARED_SELECTOR = YES;
				GCC_WARN_UNINITIALIZED_AUTOS = YES_AGGRESSIVE;
				GCC_WARN_UNUSED_FUNCTION = YES;
				GCC_WARN_UNUSED_VARIABLE = YES;
				IPHONEOS_DEPLOYMENT_TARGET = 11.2;
				MTL_ENABLE_DEBUG_INFO = YES;
				ONLY_ACTIVE_ARCH = YES;
				SDKROOT = iphoneos;
				SWIFT_ACTIVE_COMPILATION_CONDITIONS = DEBUG;
				SWIFT_OPTIMIZATION_LEVEL = "-Onone";
			};
			name = Debug;
		};
		934EB0DE21CE08B100FB26B2 /* Release */ = {
			isa = XCBuildConfiguration;
			buildSettings = {
				ALWAYS_SEARCH_USER_PATHS = NO;
				CLANG_ANALYZER_NONNULL = YES;
				CLANG_ANALYZER_NUMBER_OBJECT_CONVERSION = YES_AGGRESSIVE;
				CLANG_CXX_LANGUAGE_STANDARD = "gnu++14";
				CLANG_CXX_LIBRARY = "libc++";
				CLANG_ENABLE_MODULES = YES;
				CLANG_ENABLE_OBJC_ARC = YES;
				CLANG_WARN_BLOCK_CAPTURE_AUTORELEASING = YES;
				CLANG_WARN_BOOL_CONVERSION = YES;
				CLANG_WARN_COMMA = YES;
				CLANG_WARN_CONSTANT_CONVERSION = YES;
				CLANG_WARN_DIRECT_OBJC_ISA_USAGE = YES_ERROR;
				CLANG_WARN_DOCUMENTATION_COMMENTS = YES;
				CLANG_WARN_EMPTY_BODY = YES;
				CLANG_WARN_ENUM_CONVERSION = YES;
				CLANG_WARN_INFINITE_RECURSION = YES;
				CLANG_WARN_INT_CONVERSION = YES;
				CLANG_WARN_NON_LITERAL_NULL_CONVERSION = YES;
				CLANG_WARN_OBJC_LITERAL_CONVERSION = YES;
				CLANG_WARN_OBJC_ROOT_CLASS = YES_ERROR;
				CLANG_WARN_RANGE_LOOP_ANALYSIS = YES;
				CLANG_WARN_STRICT_PROTOTYPES = YES;
				CLANG_WARN_SUSPICIOUS_MOVE = YES;
				CLANG_WARN_UNGUARDED_AVAILABILITY = YES_AGGRESSIVE;
				CLANG_WARN_UNREACHABLE_CODE = YES;
				CLANG_WARN__DUPLICATE_METHOD_MATCH = YES;
				CODE_SIGN_IDENTITY = "iPhone Developer";
				COPY_PHASE_STRIP = NO;
				DEBUG_INFORMATION_FORMAT = "dwarf-with-dsym";
				ENABLE_NS_ASSERTIONS = NO;
				ENABLE_STRICT_OBJC_MSGSEND = YES;
				GCC_C_LANGUAGE_STANDARD = gnu11;
				GCC_NO_COMMON_BLOCKS = YES;
				GCC_WARN_64_TO_32_BIT_CONVERSION = YES;
				GCC_WARN_ABOUT_RETURN_TYPE = YES_ERROR;
				GCC_WARN_UNDECLARED_SELECTOR = YES;
				GCC_WARN_UNINITIALIZED_AUTOS = YES_AGGRESSIVE;
				GCC_WARN_UNUSED_FUNCTION = YES;
				GCC_WARN_UNUSED_VARIABLE = YES;
				IPHONEOS_DEPLOYMENT_TARGET = 11.2;
				MTL_ENABLE_DEBUG_INFO = NO;
				SDKROOT = iphoneos;
				SWIFT_OPTIMIZATION_LEVEL = "-Owholemodule";
				VALIDATE_PRODUCT = YES;
			};
			name = Release;
		};
		934EB0E021CE08B100FB26B2 /* Debug */ = {
			isa = XCBuildConfiguration;
			buildSettings = {
				ASSETCATALOG_COMPILER_APPICON_NAME = AppIcon;
				CODE_SIGN_STYLE = Automatic;
				DEVELOPMENT_TEAM = E7K3DAQQHQ;
				INFOPLIST_FILE = HLW/Info.plist;
				LD_RUNPATH_SEARCH_PATHS = "$(inherited) @executable_path/Frameworks";
				PRODUCT_BUNDLE_IDENTIFIER = Com.oditek.hlw.HLW;
				PRODUCT_NAME = "$(TARGET_NAME)";
				SWIFT_VERSION = 4.0;
				TARGETED_DEVICE_FAMILY = "1,2";
			};
			name = Debug;
		};
		934EB0E121CE08B100FB26B2 /* Release */ = {
			isa = XCBuildConfiguration;
			buildSettings = {
				ASSETCATALOG_COMPILER_APPICON_NAME = AppIcon;
				CODE_SIGN_STYLE = Automatic;
				DEVELOPMENT_TEAM = E7K3DAQQHQ;
				INFOPLIST_FILE = HLW/Info.plist;
				LD_RUNPATH_SEARCH_PATHS = "$(inherited) @executable_path/Frameworks";
				PRODUCT_BUNDLE_IDENTIFIER = Com.oditek.hlw.HLW;
				PRODUCT_NAME = "$(TARGET_NAME)";
				SWIFT_VERSION = 4.0;
				TARGETED_DEVICE_FAMILY = "1,2";
			};
			name = Release;
		};
		934EB0E321CE08B100FB26B2 /* Debug */ = {
			isa = XCBuildConfiguration;
			buildSettings = {
				ALWAYS_EMBED_SWIFT_STANDARD_LIBRARIES = YES;
				BUNDLE_LOADER = "$(TEST_HOST)";
				CODE_SIGN_STYLE = Automatic;
				DEVELOPMENT_TEAM = E7K3DAQQHQ;
				INFOPLIST_FILE = HLWTests/Info.plist;
				LD_RUNPATH_SEARCH_PATHS = "$(inherited) @executable_path/Frameworks @loader_path/Frameworks";
				PRODUCT_BUNDLE_IDENTIFIER = Com.oditek.hlw.HLWTests;
				PRODUCT_NAME = "$(TARGET_NAME)";
				SWIFT_VERSION = 4.0;
				TARGETED_DEVICE_FAMILY = "1,2";
				TEST_HOST = "$(BUILT_PRODUCTS_DIR)/HLW.app/HLW";
			};
			name = Debug;
		};
		934EB0E421CE08B100FB26B2 /* Release */ = {
			isa = XCBuildConfiguration;
			buildSettings = {
				ALWAYS_EMBED_SWIFT_STANDARD_LIBRARIES = YES;
				BUNDLE_LOADER = "$(TEST_HOST)";
				CODE_SIGN_STYLE = Automatic;
				DEVELOPMENT_TEAM = E7K3DAQQHQ;
				INFOPLIST_FILE = HLWTests/Info.plist;
				LD_RUNPATH_SEARCH_PATHS = "$(inherited) @executable_path/Frameworks @loader_path/Frameworks";
				PRODUCT_BUNDLE_IDENTIFIER = Com.oditek.hlw.HLWTests;
				PRODUCT_NAME = "$(TARGET_NAME)";
				SWIFT_VERSION = 4.0;
				TARGETED_DEVICE_FAMILY = "1,2";
				TEST_HOST = "$(BUILT_PRODUCTS_DIR)/HLW.app/HLW";
			};
			name = Release;
		};
		934EB0E621CE08B100FB26B2 /* Debug */ = {
			isa = XCBuildConfiguration;
			buildSettings = {
				ALWAYS_EMBED_SWIFT_STANDARD_LIBRARIES = YES;
				CODE_SIGN_STYLE = Automatic;
				DEVELOPMENT_TEAM = E7K3DAQQHQ;
				INFOPLIST_FILE = HLWUITests/Info.plist;
				LD_RUNPATH_SEARCH_PATHS = "$(inherited) @executable_path/Frameworks @loader_path/Frameworks";
				PRODUCT_BUNDLE_IDENTIFIER = Com.oditek.hlw.HLWUITests;
				PRODUCT_NAME = "$(TARGET_NAME)";
				SWIFT_VERSION = 4.0;
				TARGETED_DEVICE_FAMILY = "1,2";
				TEST_TARGET_NAME = HLW;
			};
			name = Debug;
		};
		934EB0E721CE08B100FB26B2 /* Release */ = {
			isa = XCBuildConfiguration;
			buildSettings = {
				ALWAYS_EMBED_SWIFT_STANDARD_LIBRARIES = YES;
				CODE_SIGN_STYLE = Automatic;
				DEVELOPMENT_TEAM = E7K3DAQQHQ;
				INFOPLIST_FILE = HLWUITests/Info.plist;
				LD_RUNPATH_SEARCH_PATHS = "$(inherited) @executable_path/Frameworks @loader_path/Frameworks";
				PRODUCT_BUNDLE_IDENTIFIER = Com.oditek.hlw.HLWUITests;
				PRODUCT_NAME = "$(TARGET_NAME)";
				SWIFT_VERSION = 4.0;
				TARGETED_DEVICE_FAMILY = "1,2";
				TEST_TARGET_NAME = HLW;
			};
			name = Release;
		};
/* End XCBuildConfiguration section */

/* Begin XCConfigurationList section */
		934EB0B221CE08B100FB26B2 /* Build configuration list for PBXProject "HLW" */ = {
			isa = XCConfigurationList;
			buildConfigurations = (
				934EB0DD21CE08B100FB26B2 /* Debug */,
				934EB0DE21CE08B100FB26B2 /* Release */,
			);
			defaultConfigurationIsVisible = 0;
			defaultConfigurationName = Release;
		};
		934EB0DF21CE08B100FB26B2 /* Build configuration list for PBXNativeTarget "HLW" */ = {
			isa = XCConfigurationList;
			buildConfigurations = (
				934EB0E021CE08B100FB26B2 /* Debug */,
				934EB0E121CE08B100FB26B2 /* Release */,
			);
			defaultConfigurationIsVisible = 0;
			defaultConfigurationName = Release;
		};
		934EB0E221CE08B100FB26B2 /* Build configuration list for PBXNativeTarget "HLWTests" */ = {
			isa = XCConfigurationList;
			buildConfigurations = (
				934EB0E321CE08B100FB26B2 /* Debug */,
				934EB0E421CE08B100FB26B2 /* Release */,
			);
			defaultConfigurationIsVisible = 0;
			defaultConfigurationName = Release;
		};
		934EB0E521CE08B100FB26B2 /* Build configuration list for PBXNativeTarget "HLWUITests" */ = {
			isa = XCConfigurationList;
			buildConfigurations = (
				934EB0E621CE08B100FB26B2 /* Debug */,
				934EB0E721CE08B100FB26B2 /* Release */,
			);
			defaultConfigurationIsVisible = 0;
			defaultConfigurationName = Release;
		};
/* End XCConfigurationList section */
	};
	rootObject = 934EB0AF21CE08B100FB26B2 /* Project object */;
}
